// !$*UTF8*$!
{
	archiveVersion = 1;
	classes = {
	};
	objectVersion = 46;
	objects = {

/* Begin PBXBuildFile section */
		228709C31EF7B3EE001D725C /* main.m in Sources */ = {isa = PBXBuildFile; fileRef = 228709C21EF7B3EE001D725C /* main.m */; };
		228709C61EF7B3EE001D725C /* AppDelegate.m in Sources */ = {isa = PBXBuildFile; fileRef = 228709C51EF7B3EE001D725C /* AppDelegate.m */; };
		228709C91EF7B3EE001D725C /* ViewController.m in Sources */ = {isa = PBXBuildFile; fileRef = 228709C81EF7B3EE001D725C /* ViewController.m */; };
		228709CC1EF7B3EE001D725C /* Main.storyboard in Resources */ = {isa = PBXBuildFile; fileRef = 228709CA1EF7B3EE001D725C /* Main.storyboard */; };
		228709CE1EF7B3EE001D725C /* Assets.xcassets in Resources */ = {isa = PBXBuildFile; fileRef = 228709CD1EF7B3EE001D725C /* Assets.xcassets */; };
		228709D11EF7B3EE001D725C /* LaunchScreen.storyboard in Resources */ = {isa = PBXBuildFile; fileRef = 228709CF1EF7B3EE001D725C /* LaunchScreen.storyboard */; };
		228709DB1EF7B54F001D725C /* CLNetworking.m in Sources */ = {isa = PBXBuildFile; fileRef = 228709DA1EF7B54F001D725C /* CLNetworking.m */; };
		228709DE1EF7B70E001D725C /* CLReachability.m in Sources */ = {isa = PBXBuildFile; fileRef = 228709DD1EF7B70E001D725C /* CLReachability.m */; };
		791A5045401A8909C1D39F13 /* libPods-CLNetworking.a in Frameworks */ = {isa = PBXBuildFile; fileRef = 5CC8ACEC7EF38C48EAF167D7 /* libPods-CLNetworking.a */; };
/* End PBXBuildFile section */

/* Begin PBXFileReference section */
		1F393120EEABACEFF2AC3651 /* Pods-CLNetworking.debug.xcconfig */ = {isa = PBXFileReference; includeInIndex = 1; lastKnownFileType = text.xcconfig; name = "Pods-CLNetworking.debug.xcconfig"; path = "Pods/Target Support Files/Pods-CLNetworking/Pods-CLNetworking.debug.xcconfig"; sourceTree = "<group>"; };
		228709BE1EF7B3EE001D725C /* CLNetworking.app */ = {isa = PBXFileReference; explicitFileType = wrapper.application; includeInIndex = 0; path = CLNetworking.app; sourceTree = BUILT_PRODUCTS_DIR; };
		228709C21EF7B3EE001D725C /* main.m */ = {isa = PBXFileReference; lastKnownFileType = sourcecode.c.objc; path = main.m; sourceTree = "<group>"; };
		228709C41EF7B3EE001D725C /* AppDelegate.h */ = {isa = PBXFileReference; lastKnownFileType = sourcecode.c.h; path = AppDelegate.h; sourceTree = "<group>"; };
		228709C51EF7B3EE001D725C /* AppDelegate.m */ = {isa = PBXFileReference; lastKnownFileType = sourcecode.c.objc; path = AppDelegate.m; sourceTree = "<group>"; };
		228709C71EF7B3EE001D725C /* ViewController.h */ = {isa = PBXFileReference; lastKnownFileType = sourcecode.c.h; path = ViewController.h; sourceTree = "<group>"; };
		228709C81EF7B3EE001D725C /* ViewController.m */ = {isa = PBXFileReference; lastKnownFileType = sourcecode.c.objc; path = ViewController.m; sourceTree = "<group>"; };
		228709CB1EF7B3EE001D725C /* Base */ = {isa = PBXFileReference; lastKnownFileType = file.storyboard; name = Base; path = Base.lproj/Main.storyboard; sourceTree = "<group>"; };
		228709CD1EF7B3EE001D725C /* Assets.xcassets */ = {isa = PBXFileReference; lastKnownFileType = folder.assetcatalog; path = Assets.xcassets; sourceTree = "<group>"; };
		228709D01EF7B3EE001D725C /* Base */ = {isa = PBXFileReference; lastKnownFileType = file.storyboard; name = Base; path = Base.lproj/LaunchScreen.storyboard; sourceTree = "<group>"; };
		228709D21EF7B3EE001D725C /* Info.plist */ = {isa = PBXFileReference; lastKnownFileType = text.plist.xml; path = Info.plist; sourceTree = "<group>"; };
		228709D91EF7B54F001D725C /* CLNetworking.h */ = {isa = PBXFileReference; fileEncoding = 4; lastKnownFileType = sourcecode.c.h; path = CLNetworking.h; sourceTree = "<group>"; };
		228709DA1EF7B54F001D725C /* CLNetworking.m */ = {isa = PBXFileReference; fileEncoding = 4; lastKnownFileType = sourcecode.c.objc; path = CLNetworking.m; sourceTree = "<group>"; };
		228709DC1EF7B70E001D725C /* CLReachability.h */ = {isa = PBXFileReference; fileEncoding = 4; lastKnownFileType = sourcecode.c.h; path = CLReachability.h; sourceTree = "<group>"; };
		228709DD1EF7B70E001D725C /* CLReachability.m */ = {isa = PBXFileReference; fileEncoding = 4; lastKnownFileType = sourcecode.c.objc; path = CLReachability.m; sourceTree = "<group>"; };
		228709DF1EF7B763001D725C /* CLNetworkingConsts.h */ = {isa = PBXFileReference; lastKnownFileType = sourcecode.c.h; path = CLNetworkingConsts.h; sourceTree = "<group>"; };
		3C56EE4242F64A1F9F640AE7 /* Pods-CLNetworking.release.xcconfig */ = {isa = PBXFileReference; includeInIndex = 1; lastKnownFileType = text.xcconfig; name = "Pods-CLNetworking.release.xcconfig"; path = "Pods/Target Support Files/Pods-CLNetworking/Pods-CLNetworking.release.xcconfig"; sourceTree = "<group>"; };
		5CC8ACEC7EF38C48EAF167D7 /* libPods-CLNetworking.a */ = {isa = PBXFileReference; explicitFileType = archive.ar; includeInIndex = 0; path = "libPods-CLNetworking.a"; sourceTree = BUILT_PRODUCTS_DIR; };
/* End PBXFileReference section */

/* Begin PBXFrameworksBuildPhase section */
		228709BB1EF7B3EE001D725C /* Frameworks */ = {
			isa = PBXFrameworksBuildPhase;
			buildActionMask = 2147483647;
			files = (
				791A5045401A8909C1D39F13 /* libPods-CLNetworking.a in Frameworks */,
			);
			runOnlyForDeploymentPostprocessing = 0;
		};
/* End PBXFrameworksBuildPhase section */

/* Begin PBXGroup section */
		228709B51EF7B3EE001D725C = {
			isa = PBXGroup;
			children = (
				228709C01EF7B3EE001D725C /* CLNetworking */,
				228709BF1EF7B3EE001D725C /* Products */,
				77B8C38B664C466079CA5AFE /* Pods */,
				7E69D735C71E2ACE306F8B5B /* Frameworks */,
			);
			sourceTree = "<group>";
		};
		228709BF1EF7B3EE001D725C /* Products */ = {
			isa = PBXGroup;
			children = (
				228709BE1EF7B3EE001D725C /* CLNetworking.app */,
			);
			name = Products;
			sourceTree = "<group>";
		};
		228709C01EF7B3EE001D725C /* CLNetworking */ = {
			isa = PBXGroup;
			children = (
				228709D81EF7B535001D725C /* CLNetworking */,
				228709C41EF7B3EE001D725C /* AppDelegate.h */,
				228709C51EF7B3EE001D725C /* AppDelegate.m */,
				228709C71EF7B3EE001D725C /* ViewController.h */,
				228709C81EF7B3EE001D725C /* ViewController.m */,
				228709CA1EF7B3EE001D725C /* Main.storyboard */,
				228709CD1EF7B3EE001D725C /* Assets.xcassets */,
				228709CF1EF7B3EE001D725C /* LaunchScreen.storyboard */,
				228709D21EF7B3EE001D725C /* Info.plist */,
				228709C11EF7B3EE001D725C /* Supporting Files */,
			);
			path = CLNetworking;
			sourceTree = "<group>";
		};
		228709C11EF7B3EE001D725C /* Supporting Files */ = {
			isa = PBXGroup;
			children = (
				228709C21EF7B3EE001D725C /* main.m */,
			);
			name = "Supporting Files";
			sourceTree = "<group>";
		};
		228709D81EF7B535001D725C /* CLNetworking */ = {
			isa = PBXGroup;
			children = (
				228709D91EF7B54F001D725C /* CLNetworking.h */,
				228709DA1EF7B54F001D725C /* CLNetworking.m */,
				228709DC1EF7B70E001D725C /* CLReachability.h */,
				228709DD1EF7B70E001D725C /* CLReachability.m */,
				228709DF1EF7B763001D725C /* CLNetworkingConsts.h */,
			);
			path = CLNetworking;
			sourceTree = "<group>";
		};
		77B8C38B664C466079CA5AFE /* Pods */ = {
			isa = PBXGroup;
			children = (
				1F393120EEABACEFF2AC3651 /* Pods-CLNetworking.debug.xcconfig */,
				3C56EE4242F64A1F9F640AE7 /* Pods-CLNetworking.release.xcconfig */,
			);
			name = Pods;
			sourceTree = "<group>";
		};
		7E69D735C71E2ACE306F8B5B /* Frameworks */ = {
			isa = PBXGroup;
			children = (
				5CC8ACEC7EF38C48EAF167D7 /* libPods-CLNetworking.a */,
			);
			name = Frameworks;
			sourceTree = "<group>";
		};
/* End PBXGroup section */

/* Begin PBXNativeTarget section */
		228709BD1EF7B3EE001D725C /* CLNetworking */ = {
			isa = PBXNativeTarget;
			buildConfigurationList = 228709D51EF7B3EE001D725C /* Build configuration list for PBXNativeTarget "CLNetworking" */;
			buildPhases = (
				EC49ED77DBD131FB4A62F2BA /* [CP] Check Pods Manifest.lock */,
				228709BA1EF7B3EE001D725C /* Sources */,
				228709BB1EF7B3EE001D725C /* Frameworks */,
				228709BC1EF7B3EE001D725C /* Resources */,
				65C0E0A8FF9F7561201C3C6D /* [CP] Embed Pods Frameworks */,
				97A092E5EB14D36198DA4B30 /* [CP] Copy Pods Resources */,
			);
			buildRules = (
			);
			dependencies = (
			);
			name = CLNetworking;
			productName = CLNetworking;
			productReference = 228709BE1EF7B3EE001D725C /* CLNetworking.app */;
			productType = "com.apple.product-type.application";
		};
/* End PBXNativeTarget section */

/* Begin PBXProject section */
		228709B61EF7B3EE001D725C /* Project object */ = {
			isa = PBXProject;
			attributes = {
				LastUpgradeCheck = 0830;
				ORGANIZATIONNAME = KaKa;
				TargetAttributes = {
					228709BD1EF7B3EE001D725C = {
						CreatedOnToolsVersion = 8.3.3;
						ProvisioningStyle = Automatic;
					};
				};
			};
			buildConfigurationList = 228709B91EF7B3EE001D725C /* Build configuration list for PBXProject "CLNetworking" */;
			compatibilityVersion = "Xcode 3.2";
			developmentRegion = English;
			hasScannedForEncodings = 0;
			knownRegions = (
				en,
				Base,
			);
			mainGroup = 228709B51EF7B3EE001D725C;
			productRefGroup = 228709BF1EF7B3EE001D725C /* Products */;
			projectDirPath = "";
			projectRoot = "";
			targets = (
				228709BD1EF7B3EE001D725C /* CLNetworking */,
			);
		};
/* End PBXProject section */

/* Begin PBXResourcesBuildPhase section */
		228709BC1EF7B3EE001D725C /* Resources */ = {
			isa = PBXResourcesBuildPhase;
			buildActionMask = 2147483647;
			files = (
				228709D11EF7B3EE001D725C /* LaunchScreen.storyboard in Resources */,
				228709CE1EF7B3EE001D725C /* Assets.xcassets in Resources */,
				228709CC1EF7B3EE001D725C /* Main.storyboard in Resources */,
			);
			runOnlyForDeploymentPostprocessing = 0;
		};
/* End PBXResourcesBuildPhase section */

/* Begin PBXShellScriptBuildPhase section */
		65C0E0A8FF9F7561201C3C6D /* [CP] Embed Pods Frameworks */ = {
			isa = PBXShellScriptBuildPhase;
			buildActionMask = 2147483647;
			files = (
			);
			inputPaths = (
			);
			name = "[CP] Embed Pods Frameworks";
			outputPaths = (
			);
			runOnlyForDeploymentPostprocessing = 0;
			shellPath = /bin/sh;
			shellScript = "\"${SRCROOT}/Pods/Target Support Files/Pods-CLNetworking/Pods-CLNetworking-frameworks.sh\"\n";
			showEnvVarsInLog = 0;
		};
		97A092E5EB14D36198DA4B30 /* [CP] Copy Pods Resources */ = {
			isa = PBXShellScriptBuildPhase;
			buildActionMask = 2147483647;
			files = (
			);
			inputPaths = (
			);
			name = "[CP] Copy Pods Resources";
			outputPaths = (
			);
			runOnlyForDeploymentPostprocessing = 0;
			shellPath = /bin/sh;
			shellScript = "\"${SRCROOT}/Pods/Target Support Files/Pods-CLNetworking/Pods-CLNetworking-resources.sh\"\n";
			showEnvVarsInLog = 0;
		};
		EC49ED77DBD131FB4A62F2BA /* [CP] Check Pods Manifest.lock */ = {
			isa = PBXShellScriptBuildPhase;
			buildActionMask = 2147483647;
			files = (
			);
			inputPaths = (
			);
			name = "[CP] Check Pods Manifest.lock";
			outputPaths = (
			);
			runOnlyForDeploymentPostprocessing = 0;
			shellPath = /bin/sh;
			shellScript = "diff \"${PODS_ROOT}/../Podfile.lock\" \"${PODS_ROOT}/Manifest.lock\" > /dev/null\nif [ $? != 0 ] ; then\n    # print error to STDERR\n    echo \"error: The sandbox is not in sync with the Podfile.lock. Run 'pod install' or update your CocoaPods installation.\" >&2\n    exit 1\nfi\n";
			showEnvVarsInLog = 0;
		};
/* End PBXShellScriptBuildPhase section */

/* Begin PBXSourcesBuildPhase section */
		228709BA1EF7B3EE001D725C /* Sources */ = {
			isa = PBXSourcesBuildPhase;
			buildActionMask = 2147483647;
			files = (
				228709DB1EF7B54F001D725C /* CLNetworking.m in Sources */,
				228709DE1EF7B70E001D725C /* CLReachability.m in Sources */,
				228709C91EF7B3EE001D725C /* ViewController.m in Sources */,
				228709C61EF7B3EE001D725C /* AppDelegate.m in Sources */,
				228709C31EF7B3EE001D725C /* main.m in Sources */,
			);
			runOnlyForDeploymentPostprocessing = 0;
		};
/* End PBXSourcesBuildPhase section */

/* Begin PBXVariantGroup section */
		228709CA1EF7B3EE001D725C /* Main.storyboard */ = {
			isa = PBXVariantGroup;
			children = (
				228709CB1EF7B3EE001D725C /* Base */,
			);
			name = Main.storyboard;
			sourceTree = "<group>";
		};
		228709CF1EF7B3EE001D725C /* LaunchScreen.storyboard */ = {
			isa = PBXVariantGroup;
			children = (
				228709D01EF7B3EE001D725C /* Base */,
			);
			name = LaunchScreen.storyboard;
			sourceTree = "<group>";
		};
/* End PBXVariantGroup section */

/* Begin XCBuildConfiguration section */
		228709D31EF7B3EE001D725C /* Debug */ = {
			isa = XCBuildConfiguration;
			buildSettings = {
				ALWAYS_SEARCH_USER_PATHS = NO;
				CLANG_ANALYZER_NONNULL = YES;
				CLANG_ANALYZER_NUMBER_OBJECT_CONVERSION = YES_AGGRESSIVE;
				CLANG_CXX_LANGUAGE_STANDARD = "gnu++0x";
				CLANG_CXX_LIBRARY = "libc++";
				CLANG_ENABLE_MODULES = YES;
				CLANG_ENABLE_OBJC_ARC = YES;
				CLANG_WARN_BOOL_CONVERSION = YES;
				CLANG_WARN_CONSTANT_CONVERSION = YES;
				CLANG_WARN_DIRECT_OBJC_ISA_USAGE = YES_ERROR;
				CLANG_WARN_DOCUMENTATION_COMMENTS = YES;
				CLANG_WARN_EMPTY_BODY = YES;
				CLANG_WARN_ENUM_CONVERSION = YES;
				CLANG_WARN_INFINITE_RECURSION = YES;
				CLANG_WARN_INT_CONVERSION = YES;
				CLANG_WARN_OBJC_ROOT_CLASS = YES_ERROR;
				CLANG_WARN_SUSPICIOUS_MOVE = YES;
				CLANG_WARN_UNREACHABLE_CODE = YES;
				CLANG_WARN__DUPLICATE_METHOD_MATCH = YES;
				"CODE_SIGN_IDENTITY[sdk=iphoneos*]" = "iPhone Developer";
				COPY_PHASE_STRIP = NO;
				DEBUG_INFORMATION_FORMAT = dwarf;
				ENABLE_STRICT_OBJC_MSGSEND = YES;
				ENABLE_TESTABILITY = YES;
				GCC_C_LANGUAGE_STANDARD = gnu99;
				GCC_DYNAMIC_NO_PIC = NO;
				GCC_NO_COMMON_BLOCKS = YES;
				GCC_OPTIMIZATION_LEVEL = 0;
				GCC_PREPROCESSOR_DEFINITIONS = (
					"DEBUG=1",
					"$(inherited)",
				);
				GCC_WARN_64_TO_32_BIT_CONVERSION = YES;
				GCC_WARN_ABOUT_RETURN_TYPE = YES_ERROR;
				GCC_WARN_UNDECLARED_SELECTOR = YES;
				GCC_WARN_UNINITIALIZED_AUTOS = YES_AGGRESSIVE;
				GCC_WARN_UNUSED_FUNCTION = YES;
				GCC_WARN_UNUSED_VARIABLE = YES;
				IPHONEOS_DEPLOYMENT_TARGET = 10.3;
				MTL_ENABLE_DEBUG_INFO = YES;
				ONLY_ACTIVE_ARCH = YES;
				SDKROOT = iphoneos;
				TARGETED_DEVICE_FAMILY = "1,2";
			};
			name = Debug;
		};
		228709D41EF7B3EE001D725C /* Release */ = {
			isa = XCBuildConfiguration;
			buildSettings = {
				ALWAYS_SEARCH_USER_PATHS = NO;
				CLANG_ANALYZER_NONNULL = YES;
				CLANG_ANALYZER_NUMBER_OBJECT_CONVERSION = YES_AGGRESSIVE;
				CLANG_CXX_LANGUAGE_STANDARD = "gnu++0x";
				CLANG_CXX_LIBRARY = "libc++";
				CLANG_ENABLE_MODULES = YES;
				CLANG_ENABLE_OBJC_ARC = YES;
				CLANG_WARN_BOOL_CONVERSION = YES;
				CLANG_WARN_CONSTANT_CONVERSION = YES;
				CLANG_WARN_DIRECT_OBJC_ISA_USAGE = YES_ERROR;
				CLANG_WARN_DOCUMENTATION_COMMENTS = YES;
				CLANG_WARN_EMPTY_BODY = YES;
				CLANG_WARN_ENUM_CONVERSION = YES;
				CLANG_WARN_INFINITE_RECURSION = YES;
				CLANG_WARN_INT_CONVERSION = YES;
				CLANG_WARN_OBJC_ROOT_CLASS = YES_ERROR;
				CLANG_WARN_SUSPICIOUS_MOVE = YES;
				CLANG_WARN_UNREACHABLE_CODE = YES;
				CLANG_WARN__DUPLICATE_METHOD_MATCH = YES;
				"CODE_SIGN_IDENTITY[sdk=iphoneos*]" = "iPhone Developer";
				COPY_PHASE_STRIP = NO;
				DEBUG_INFORMATION_FORMAT = "dwarf-with-dsym";
				ENABLE_NS_ASSERTIONS = NO;
				ENABLE_STRICT_OBJC_MSGSEND = YES;
				GCC_C_LANGUAGE_STANDARD = gnu99;
				GCC_NO_COMMON_BLOCKS = YES;
				GCC_WARN_64_TO_32_BIT_CONVERSION = YES;
				GCC_WARN_ABOUT_RETURN_TYPE = YES_ERROR;
				GCC_WARN_UNDECLARED_SELECTOR = YES;
				GCC_WARN_UNINITIALIZED_AUTOS = YES_AGGRESSIVE;
				GCC_WARN_UNUSED_FUNCTION = YES;
				GCC_WARN_UNUSED_VARIABLE = YES;
				IPHONEOS_DEPLOYMENT_TARGET = 10.3;
				MTL_ENABLE_DEBUG_INFO = NO;
				SDKROOT = iphoneos;
				TARGETED_DEVICE_FAMILY = "1,2";
				VALIDATE_PRODUCT = YES;
			};
			name = Release;
		};
		228709D61EF7B3EE001D725C /* Debug */ = {
			isa = XCBuildConfiguration;
			baseConfigurationReference = 1F393120EEABACEFF2AC3651 /* Pods-CLNetworking.debug.xcconfig */;
			buildSettings = {
				ASSETCATALOG_COMPILER_APPICON_NAME = AppIcon;
				INFOPLIST_FILE = CLNetworking/Info.plist;
				IPHONEOS_DEPLOYMENT_TARGET = 8.0;
				LD_RUNPATH_SEARCH_PATHS = "$(inherited) @executable_path/Frameworks";
				PRODUCT_BUNDLE_IDENTIFIER = com.KaKa.CLNetworking;
				PRODUCT_NAME = "$(TARGET_NAME)";
			};
			name = Debug;
		};
		228709D71EF7B3EE001D725C /* Release */ = {
			isa = XCBuildConfiguration;
			baseConfigurationReference = 3C56EE4242F64A1F9F640AE7 /* Pods-CLNetworking.release.xcconfig */;
			buildSettings = {
				ASSETCATALOG_COMPILER_APPICON_NAME = AppIcon;
				INFOPLIST_FILE = CLNetworking/Info.plist;
				IPHONEOS_DEPLOYMENT_TARGET = 8.0;
				LD_RUNPATH_SEARCH_PATHS = "$(inherited) @executable_path/Frameworks";
				PRODUCT_BUNDLE_IDENTIFIER = com.KaKa.CLNetworking;
				PRODUCT_NAME = "$(TARGET_NAME)";
			};
			name = Release;
		};
/* End XCBuildConfiguration section */

/* Begin XCConfigurationList section */
		228709B91EF7B3EE001D725C /* Build configuration list for PBXProject "CLNetworking" */ = {
			isa = XCConfigurationList;
			buildConfigurations = (
				228709D31EF7B3EE001D725C /* Debug */,
				228709D41EF7B3EE001D725C /* Release */,
			);
			defaultConfigurationIsVisible = 0;
			defaultConfigurationName = Release;
		};
		228709D51EF7B3EE001D725C /* Build configuration list for PBXNativeTarget "CLNetworking" */ = {
			isa = XCConfigurationList;
			buildConfigurations = (
				228709D61EF7B3EE001D725C /* Debug */,
				228709D71EF7B3EE001D725C /* Release */,
			);
			defaultConfigurationIsVisible = 0;
			defaultConfigurationName = Release;
		};
/* End XCConfigurationList section */
	};
	rootObject = 228709B61EF7B3EE001D725C /* Project object */;
}
